
Microsoft Visual Studio Solution File, Format Version 12.00
# Visual Studio Version 17
VisualStudioVersion = 17.4.33213.308
MinimumVisualStudioVersion = 10.0.40219.1
Project("{9A19103F-16F7-4668-BE54-9A1E7A4F7556}") = "LandingsParser", "LandingsParser\LandingsParser.csproj", "{77655120-5217-49B7-BC63-C3BFAE98024D}"
EndProject
Project("{FAE04EC0-301F-11D3-BF4B-00C04F79EFBC}") = "LandingParserTests", "LandingParserTests\LandingParserTests.csproj", "{D386BE12-1ED2-452A-BA49-1D28D0AC269F}"
EndProject
Global
	GlobalSection(SolutionConfigurationPlatforms) = preSolution
		Debug|Any CPU = Debug|Any CPU
		Release|Any CPU = Release|Any CPU
	EndGlobalSection
	GlobalSection(ProjectConfigurationPlatforms) = postSolution
		{77655120-5217-49B7-BC63-C3BFAE98024D}.Debug|Any CPU.ActiveCfg = Debug|Any CPU
		{77655120-5217-49B7-BC63-C3BFAE98024D}.Debug|Any CPU.Build.0 = Debug|Any CPU
		{77655120-5217-49B7-BC63-C3BFAE98024D}.Release|Any CPU.ActiveCfg = Release|Any CPU
		{77655120-5217-49B7-BC63-C3BFAE98024D}.Release|Any CPU.Build.0 = Release|Any CPU
		{D386BE12-1ED2-452A-BA49-1D28D0AC269F}.Debug|Any CPU.ActiveCfg = Debug|Any CPU
		{D386BE12-1ED2-452A-BA49-1D28D0AC269F}.Debug|Any CPU.Build.0 = Debug|Any CPU
		{D386BE12-1ED2-452A-BA49-1D28D0AC269F}.Release|Any CPU.ActiveCfg = Release|Any CPU
		{D386BE12-1ED2-452A-BA49-1D28D0AC269F}.Release|Any CPU.Build.0 = Release|Any CPU
	EndGlobalSection
	GlobalSection(SolutionProperties) = preSolution
		HideSolutionNode = FALSE
	EndGlobalSection
	GlobalSection(ExtensibilityGlobals) = postSolution
		SolutionGuid = {FE7E702C-F221-4D9F-A36E-5F129C8753E1}
	EndGlobalSection
EndGlobal
